
Microsoft Visual Studio Solution File, Format Version 12.00
# Visual Studio Version 17
VisualStudioVersion = 17.14.36202.13 d17.14
MinimumVisualStudioVersion = 10.0.40219.1
Project("{FAE04EC0-301F-11D3-BF4B-00C04F79EFBC}") = "First", "First\First.csproj", "{83350F32-7DC2-4843-B9A1-B190A678A2B8}"
EndProject
Global
	GlobalSection(SolutionConfigurationPlatforms) = preSolution
		Debug|Any CPU = Debug|Any CPU
		Release|Any CPU = Release|Any CPU
	EndGlobalSection
	GlobalSection(ProjectConfigurationPlatforms) = postSolution
		{83350F32-7DC2-4843-B9A1-B190A678A2B8}.Debug|Any CPU.ActiveCfg = Debug|Any CPU
		{83350F32-7DC2-4843-B9A1-B190A678A2B8}.Debug|Any CPU.Build.0 = Debug|Any CPU
		{83350F32-7DC2-4843-B9A1-B190A678A2B8}.Release|Any CPU.ActiveCfg = Release|Any CPU
		{83350F32-7DC2-4843-B9A1-B190A678A2B8}.Release|Any CPU.Build.0 = Release|Any CPU
	EndGlobalSection
	GlobalSection(SolutionProperties) = preSolution
		HideSolutionNode = FALSE
	EndGlobalSection
	GlobalSection(ExtensibilityGlobals) = postSolution
		SolutionGuid = {0783DD97-B757-4576-A640-25D7BF0DF4CF}
	EndGlobalSection
EndGlobal
